
Microsoft Visual Studio Solution File, Format Version 12.00
# Visual Studio 15
VisualStudioVersion = 15.0.28307.705
MinimumVisualStudioVersion = 10.0.40219.1
Project("{00D1A9C2-B5F0-4AF3-8072-F6C62B433612}") = "TestDatabaseProgect", "TestDatabaseProgect\TestDatabaseProgect.sqlproj", "{A98CCC1A-4477-421D-A529-2B6491522C85}"
EndProject
Global
	GlobalSection(SolutionConfigurationPlatforms) = preSolution
		Debug|Any CPU = Debug|Any CPU
		Release|Any CPU = Release|Any CPU
	EndGlobalSection
	GlobalSection(ProjectConfigurationPlatforms) = postSolution
		{A98CCC1A-4477-421D-A529-2B6491522C85}.Debug|Any CPU.ActiveCfg = Debug|Any CPU
		{A98CCC1A-4477-421D-A529-2B6491522C85}.Debug|Any CPU.Build.0 = Debug|Any CPU
		{A98CCC1A-4477-421D-A529-2B6491522C85}.Debug|Any CPU.Deploy.0 = Debug|Any CPU
		{A98CCC1A-4477-421D-A529-2B6491522C85}.Release|Any CPU.ActiveCfg = Release|Any CPU
		{A98CCC1A-4477-421D-A529-2B6491522C85}.Release|Any CPU.Build.0 = Release|Any CPU
		{A98CCC1A-4477-421D-A529-2B6491522C85}.Release|Any CPU.Deploy.0 = Release|Any CPU
	EndGlobalSection
	GlobalSection(SolutionProperties) = preSolution
		HideSolutionNode = FALSE
	EndGlobalSection
	GlobalSection(ExtensibilityGlobals) = postSolution
		SolutionGuid = {2A29FFF0-5659-458D-9686-81EA10BB3F7D}
	EndGlobalSection
EndGlobal
